// !$*UTF8*$!
{
	archiveVersion = 1;
	classes = {
	};
	objectVersion = 50;
	objects = {

/* Begin PBXBuildFile section */
		45BC5E7A2529642A004151F7 /* AppDelegate.swift in Sources */ = {isa = PBXBuildFile; fileRef = 45BC5E792529642A004151F7 /* AppDelegate.swift */; };
		45BC5E7C2529642A004151F7 /* SceneDelegate.swift in Sources */ = {isa = PBXBuildFile; fileRef = 45BC5E7B2529642A004151F7 /* SceneDelegate.swift */; };
		45BC5E7E2529642A004151F7 /* ViewController.swift in Sources */ = {isa = PBXBuildFile; fileRef = 45BC5E7D2529642A004151F7 /* ViewController.swift */; };
		45BC5E812529642A004151F7 /* Main.storyboard in Resources */ = {isa = PBXBuildFile; fileRef = 45BC5E7F2529642A004151F7 /* Main.storyboard */; };
		45BC5E832529642D004151F7 /* Assets.xcassets in Resources */ = {isa = PBXBuildFile; fileRef = 45BC5E822529642D004151F7 /* Assets.xcassets */; };
		45BC5E862529642D004151F7 /* LaunchScreen.storyboard in Resources */ = {isa = PBXBuildFile; fileRef = 45BC5E842529642D004151F7 /* LaunchScreen.storyboard */; };
		45BC5E912529642D004151F7 /* NasaSleepTests.swift in Sources */ = {isa = PBXBuildFile; fileRef = 45BC5E902529642D004151F7 /* NasaSleepTests.swift */; };
		45BC5E9C2529642D004151F7 /* NasaSleepUITests.swift in Sources */ = {isa = PBXBuildFile; fileRef = 45BC5E9B2529642D004151F7 /* NasaSleepUITests.swift */; };
/* End PBXBuildFile section */

/* Begin PBXContainerItemProxy section */
		45BC5E8D2529642D004151F7 /* PBXContainerItemProxy */ = {
			isa = PBXContainerItemProxy;
			containerPortal = 45BC5E6E2529642A004151F7 /* Project object */;
			proxyType = 1;
			remoteGlobalIDString = 45BC5E752529642A004151F7;
			remoteInfo = NasaSleep;
		};
		45BC5E982529642D004151F7 /* PBXContainerItemProxy */ = {
			isa = PBXContainerItemProxy;
			containerPortal = 45BC5E6E2529642A004151F7 /* Project object */;
			proxyType = 1;
			remoteGlobalIDString = 45BC5E752529642A004151F7;
			remoteInfo = NasaSleep;
		};
/* End PBXContainerItemProxy section */

/* Begin PBXFileReference section */
		45BC5E762529642A004151F7 /* Wakeshift.app */ = {isa = PBXFileReference; explicitFileType = wrapper.application; includeInIndex = 0; path = Wakeshift.app; sourceTree = BUILT_PRODUCTS_DIR; };
		45BC5E792529642A004151F7 /* AppDelegate.swift */ = {isa = PBXFileReference; lastKnownFileType = sourcecode.swift; path = AppDelegate.swift; sourceTree = "<group>"; };
		45BC5E7B2529642A004151F7 /* SceneDelegate.swift */ = {isa = PBXFileReference; lastKnownFileType = sourcecode.swift; path = SceneDelegate.swift; sourceTree = "<group>"; };
		45BC5E7D2529642A004151F7 /* ViewController.swift */ = {isa = PBXFileReference; lastKnownFileType = sourcecode.swift; path = ViewController.swift; sourceTree = "<group>"; };
		45BC5E802529642A004151F7 /* Base */ = {isa = PBXFileReference; lastKnownFileType = file.storyboard; name = Base; path = Base.lproj/Main.storyboard; sourceTree = "<group>"; };
		45BC5E822529642D004151F7 /* Assets.xcassets */ = {isa = PBXFileReference; lastKnownFileType = folder.assetcatalog; path = Assets.xcassets; sourceTree = "<group>"; };
		45BC5E852529642D004151F7 /* Base */ = {isa = PBXFileReference; lastKnownFileType = file.storyboard; name = Base; path = Base.lproj/LaunchScreen.storyboard; sourceTree = "<group>"; };
		45BC5E872529642D004151F7 /* Info.plist */ = {isa = PBXFileReference; lastKnownFileType = text.plist.xml; path = Info.plist; sourceTree = "<group>"; };
		45BC5E8C2529642D004151F7 /* NasaSleepTests.xctest */ = {isa = PBXFileReference; explicitFileType = wrapper.cfbundle; includeInIndex = 0; path = NasaSleepTests.xctest; sourceTree = BUILT_PRODUCTS_DIR; };
		45BC5E902529642D004151F7 /* NasaSleepTests.swift */ = {isa = PBXFileReference; lastKnownFileType = sourcecode.swift; path = NasaSleepTests.swift; sourceTree = "<group>"; };
		45BC5E922529642D004151F7 /* Info.plist */ = {isa = PBXFileReference; lastKnownFileType = text.plist.xml; path = Info.plist; sourceTree = "<group>"; };
		45BC5E972529642D004151F7 /* NasaSleepUITests.xctest */ = {isa = PBXFileReference; explicitFileType = wrapper.cfbundle; includeInIndex = 0; path = NasaSleepUITests.xctest; sourceTree = BUILT_PRODUCTS_DIR; };
		45BC5E9B2529642D004151F7 /* NasaSleepUITests.swift */ = {isa = PBXFileReference; lastKnownFileType = sourcecode.swift; path = NasaSleepUITests.swift; sourceTree = "<group>"; };
		45BC5E9D2529642D004151F7 /* Info.plist */ = {isa = PBXFileReference; lastKnownFileType = text.plist.xml; path = Info.plist; sourceTree = "<group>"; };
/* End PBXFileReference section */

/* Begin PBXFrameworksBuildPhase section */
		45BC5E732529642A004151F7 /* Frameworks */ = {
			isa = PBXFrameworksBuildPhase;
			buildActionMask = 2147483647;
			files = (
			);
			runOnlyForDeploymentPostprocessing = 0;
		};
		45BC5E892529642D004151F7 /* Frameworks */ = {
			isa = PBXFrameworksBuildPhase;
			buildActionMask = 2147483647;
			files = (
			);
			runOnlyForDeploymentPostprocessing = 0;
		};
		45BC5E942529642D004151F7 /* Frameworks */ = {
			isa = PBXFrameworksBuildPhase;
			buildActionMask = 2147483647;
			files = (
			);
			runOnlyForDeploymentPostprocessing = 0;
		};
/* End PBXFrameworksBuildPhase section */

/* Begin PBXGroup section */
		45BC5E6D2529642A004151F7 = {
			isa = PBXGroup;
			children = (
				45BC5E782529642A004151F7 /* NasaSleep */,
				45BC5E8F2529642D004151F7 /* NasaSleepTests */,
				45BC5E9A2529642D004151F7 /* NasaSleepUITests */,
				45BC5E772529642A004151F7 /* Products */,
			);
			sourceTree = "<group>";
		};
		45BC5E772529642A004151F7 /* Products */ = {
			isa = PBXGroup;
			children = (
				45BC5E762529642A004151F7 /* Wakeshift.app */,
				45BC5E8C2529642D004151F7 /* NasaSleepTests.xctest */,
				45BC5E972529642D004151F7 /* NasaSleepUITests.xctest */,
			);
			name = Products;
			sourceTree = "<group>";
		};
		45BC5E782529642A004151F7 /* NasaSleep */ = {
			isa = PBXGroup;
			children = (
				45BC5E792529642A004151F7 /* AppDelegate.swift */,
				45BC5E7B2529642A004151F7 /* SceneDelegate.swift */,
				45BC5E7D2529642A004151F7 /* ViewController.swift */,
				45BC5E7F2529642A004151F7 /* Main.storyboard */,
				45BC5E822529642D004151F7 /* Assets.xcassets */,
				45BC5E842529642D004151F7 /* LaunchScreen.storyboard */,
				45BC5E872529642D004151F7 /* Info.plist */,
			);
			path = NasaSleep;
			sourceTree = "<group>";
		};
		45BC5E8F2529642D004151F7 /* NasaSleepTests */ = {
			isa = PBXGroup;
			children = (
				45BC5E902529642D004151F7 /* NasaSleepTests.swift */,
				45BC5E922529642D004151F7 /* Info.plist */,
			);
			path = NasaSleepTests;
			sourceTree = "<group>";
		};
		45BC5E9A2529642D004151F7 /* NasaSleepUITests */ = {
			isa = PBXGroup;
			children = (
				45BC5E9B2529642D004151F7 /* NasaSleepUITests.swift */,
				45BC5E9D2529642D004151F7 /* Info.plist */,
			);
			path = NasaSleepUITests;
			sourceTree = "<group>";
		};
/* End PBXGroup section */

/* Begin PBXNativeTarget section */
		45BC5E752529642A004151F7 /* NasaSleep */ = {
			isa = PBXNativeTarget;
			buildConfigurationList = 45BC5EA02529642D004151F7 /* Build configuration list for PBXNativeTarget "NasaSleep" */;
			buildPhases = (
				45BC5E722529642A004151F7 /* Sources */,
				45BC5E732529642A004151F7 /* Frameworks */,
				45BC5E742529642A004151F7 /* Resources */,
			);
			buildRules = (
			);
			dependencies = (
			);
			name = NasaSleep;
			productName = NasaSleep;
			productReference = 45BC5E762529642A004151F7 /* Wakeshift.app */;
			productType = "com.apple.product-type.application";
		};
		45BC5E8B2529642D004151F7 /* NasaSleepTests */ = {
			isa = PBXNativeTarget;
			buildConfigurationList = 45BC5EA32529642D004151F7 /* Build configuration list for PBXNativeTarget "NasaSleepTests" */;
			buildPhases = (
				45BC5E882529642D004151F7 /* Sources */,
				45BC5E892529642D004151F7 /* Frameworks */,
				45BC5E8A2529642D004151F7 /* Resources */,
			);
			buildRules = (
			);
			dependencies = (
				45BC5E8E2529642D004151F7 /* PBXTargetDependency */,
			);
			name = NasaSleepTests;
			productName = NasaSleepTests;
			productReference = 45BC5E8C2529642D004151F7 /* NasaSleepTests.xctest */;
			productType = "com.apple.product-type.bundle.unit-test";
		};
		45BC5E962529642D004151F7 /* NasaSleepUITests */ = {
			isa = PBXNativeTarget;
			buildConfigurationList = 45BC5EA62529642D004151F7 /* Build configuration list for PBXNativeTarget "NasaSleepUITests" */;
			buildPhases = (
				45BC5E932529642D004151F7 /* Sources */,
				45BC5E942529642D004151F7 /* Frameworks */,
				45BC5E952529642D004151F7 /* Resources */,
			);
			buildRules = (
			);
			dependencies = (
				45BC5E992529642D004151F7 /* PBXTargetDependency */,
			);
			name = NasaSleepUITests;
			productName = NasaSleepUITests;
			productReference = 45BC5E972529642D004151F7 /* NasaSleepUITests.xctest */;
			productType = "com.apple.product-type.bundle.ui-testing";
		};
/* End PBXNativeTarget section */

/* Begin PBXProject section */
		45BC5E6E2529642A004151F7 /* Project object */ = {
			isa = PBXProject;
			attributes = {
				LastSwiftUpdateCheck = 1130;
				LastUpgradeCheck = 1130;
				ORGANIZATIONNAME = "KJ Lee";
				TargetAttributes = {
					45BC5E752529642A004151F7 = {
						CreatedOnToolsVersion = 11.3;
					};
					45BC5E8B2529642D004151F7 = {
						CreatedOnToolsVersion = 11.3;
						TestTargetID = 45BC5E752529642A004151F7;
					};
					45BC5E962529642D004151F7 = {
						CreatedOnToolsVersion = 11.3;
						TestTargetID = 45BC5E752529642A004151F7;
					};
				};
			};
			buildConfigurationList = 45BC5E712529642A004151F7 /* Build configuration list for PBXProject "NasaSleep" */;
			compatibilityVersion = "Xcode 9.3";
			developmentRegion = en;
			hasScannedForEncodings = 0;
			knownRegions = (
				en,
				Base,
			);
			mainGroup = 45BC5E6D2529642A004151F7;
			productRefGroup = 45BC5E772529642A004151F7 /* Products */;
			projectDirPath = "";
			projectRoot = "";
			targets = (
				45BC5E752529642A004151F7 /* NasaSleep */,
				45BC5E8B2529642D004151F7 /* NasaSleepTests */,
				45BC5E962529642D004151F7 /* NasaSleepUITests */,
			);
		};
/* End PBXProject section */

/* Begin PBXResourcesBuildPhase section */
		45BC5E742529642A004151F7 /* Resources */ = {
			isa = PBXResourcesBuildPhase;
			buildActionMask = 2147483647;
			files = (
				45BC5E862529642D004151F7 /* LaunchScreen.storyboard in Resources */,
				45BC5E832529642D004151F7 /* Assets.xcassets in Resources */,
				45BC5E812529642A004151F7 /* Main.storyboard in Resources */,
			);
			runOnlyForDeploymentPostprocessing = 0;
		};
		45BC5E8A2529642D004151F7 /* Resources */ = {
			isa = PBXResourcesBuildPhase;
			buildActionMask = 2147483647;
			files = (
			);
			runOnlyForDeploymentPostprocessing = 0;
		};
		45BC5E952529642D004151F7 /* Resources */ = {
			isa = PBXResourcesBuildPhase;
			buildActionMask = 2147483647;
			files = (
			);
			runOnlyForDeploymentPostprocessing = 0;
		};
/* End PBXResourcesBuildPhase section */

/* Begin PBXSourcesBuildPhase section */
		45BC5E722529642A004151F7 /* Sources */ = {
			isa = PBXSourcesBuildPhase;
			buildActionMask = 2147483647;
			files = (
				45BC5E7E2529642A004151F7 /* ViewController.swift in Sources */,
				45BC5E7A2529642A004151F7 /* AppDelegate.swift in Sources */,
				45BC5E7C2529642A004151F7 /* SceneDelegate.swift in Sources */,
			);
			runOnlyForDeploymentPostprocessing = 0;
		};
		45BC5E882529642D004151F7 /* Sources */ = {
			isa = PBXSourcesBuildPhase;
			buildActionMask = 2147483647;
			files = (
				45BC5E912529642D004151F7 /* NasaSleepTests.swift in Sources */,
			);
			runOnlyForDeploymentPostprocessing = 0;
		};
		45BC5E932529642D004151F7 /* Sources */ = {
			isa = PBXSourcesBuildPhase;
			buildActionMask = 2147483647;
			files = (
				45BC5E9C2529642D004151F7 /* NasaSleepUITests.swift in Sources */,
			);
			runOnlyForDeploymentPostprocessing = 0;
		};
/* End PBXSourcesBuildPhase section */

/* Begin PBXTargetDependency section */
		45BC5E8E2529642D004151F7 /* PBXTargetDependency */ = {
			isa = PBXTargetDependency;
			target = 45BC5E752529642A004151F7 /* NasaSleep */;
			targetProxy = 45BC5E8D2529642D004151F7 /* PBXContainerItemProxy */;
		};
		45BC5E992529642D004151F7 /* PBXTargetDependency */ = {
			isa = PBXTargetDependency;
			target = 45BC5E752529642A004151F7 /* NasaSleep */;
			targetProxy = 45BC5E982529642D004151F7 /* PBXContainerItemProxy */;
		};
/* End PBXTargetDependency section */

/* Begin PBXVariantGroup section */
		45BC5E7F2529642A004151F7 /* Main.storyboard */ = {
			isa = PBXVariantGroup;
			children = (
				45BC5E802529642A004151F7 /* Base */,
			);
			name = Main.storyboard;
			sourceTree = "<group>";
		};
		45BC5E842529642D004151F7 /* LaunchScreen.storyboard */ = {
			isa = PBXVariantGroup;
			children = (
				45BC5E852529642D004151F7 /* Base */,
			);
			name = LaunchScreen.storyboard;
			sourceTree = "<group>";
		};
/* End PBXVariantGroup section */

/* Begin XCBuildConfiguration section */
		45BC5E9E2529642D004151F7 /* Debug */ = {
			isa = XCBuildConfiguration;
			buildSettings = {
				ALWAYS_SEARCH_USER_PATHS = NO;
				CLANG_ANALYZER_NONNULL = YES;
				CLANG_ANALYZER_NUMBER_OBJECT_CONVERSION = YES_AGGRESSIVE;
				CLANG_CXX_LANGUAGE_STANDARD = "gnu++14";
				CLANG_CXX_LIBRARY = "libc++";
				CLANG_ENABLE_MODULES = YES;
				CLANG_ENABLE_OBJC_ARC = YES;
				CLANG_ENABLE_OBJC_WEAK = YES;
				CLANG_WARN_BLOCK_CAPTURE_AUTORELEASING = YES;
				CLANG_WARN_BOOL_CONVERSION = YES;
				CLANG_WARN_COMMA = YES;
				CLANG_WARN_CONSTANT_CONVERSION = YES;
				CLANG_WARN_DEPRECATED_OBJC_IMPLEMENTATIONS = YES;
				CLANG_WARN_DIRECT_OBJC_ISA_USAGE = YES_ERROR;
				CLANG_WARN_DOCUMENTATION_COMMENTS = YES;
				CLANG_WARN_EMPTY_BODY = YES;
				CLANG_WARN_ENUM_CONVERSION = YES;
				CLANG_WARN_INFINITE_RECURSION = YES;
				CLANG_WARN_INT_CONVERSION = YES;
				CLANG_WARN_NON_LITERAL_NULL_CONVERSION = YES;
				CLANG_WARN_OBJC_IMPLICIT_RETAIN_SELF = YES;
				CLANG_WARN_OBJC_LITERAL_CONVERSION = YES;
				CLANG_WARN_OBJC_ROOT_CLASS = YES_ERROR;
				CLANG_WARN_RANGE_LOOP_ANALYSIS = YES;
				CLANG_WARN_STRICT_PROTOTYPES = YES;
				CLANG_WARN_SUSPICIOUS_MOVE = YES;
				CLANG_WARN_UNGUARDED_AVAILABILITY = YES_AGGRESSIVE;
				CLANG_WARN_UNREACHABLE_CODE = YES;
				CLANG_WARN__DUPLICATE_METHOD_MATCH = YES;
				COPY_PHASE_STRIP = NO;
				DEBUG_INFORMATION_FORMAT = dwarf;
				ENABLE_STRICT_OBJC_MSGSEND = YES;
				ENABLE_TESTABILITY = YES;
				GCC_C_LANGUAGE_STANDARD = gnu11;
				GCC_DYNAMIC_NO_PIC = NO;
				GCC_NO_COMMON_BLOCKS = YES;
				GCC_OPTIMIZATION_LEVEL = 0;
				GCC_PREPROCESSOR_DEFINITIONS = (
					"DEBUG=1",
					"$(inherited)",
				);
				GCC_WARN_64_TO_32_BIT_CONVERSION = YES;
				GCC_WARN_ABOUT_RETURN_TYPE = YES_ERROR;
				GCC_WARN_UNDECLARED_SELECTOR = YES;
				GCC_WARN_UNINITIALIZED_AUTOS = YES_AGGRESSIVE;
				GCC_WARN_UNUSED_FUNCTION = YES;
				GCC_WARN_UNUSED_VARIABLE = YES;
				IPHONEOS_DEPLOYMENT_TARGET = 13.2;
				MTL_ENABLE_DEBUG_INFO = INCLUDE_SOURCE;
				MTL_FAST_MATH = YES;
				ONLY_ACTIVE_ARCH = YES;
				SDKROOT = iphoneos;
				SWIFT_ACTIVE_COMPILATION_CONDITIONS = DEBUG;
				SWIFT_OPTIMIZATION_LEVEL = "-Onone";
			};
			name = Debug;
		};
		45BC5E9F2529642D004151F7 /* Release */ = {
			isa = XCBuildConfiguration;
			buildSettings = {
				ALWAYS_SEARCH_USER_PATHS = NO;
				CLANG_ANALYZER_NONNULL = YES;
				CLANG_ANALYZER_NUMBER_OBJECT_CONVERSION = YES_AGGRESSIVE;
				CLANG_CXX_LANGUAGE_STANDARD = "gnu++14";
				CLANG_CXX_LIBRARY = "libc++";
				CLANG_ENABLE_MODULES = YES;
				CLANG_ENABLE_OBJC_ARC = YES;
				CLANG_ENABLE_OBJC_WEAK = YES;
				CLANG_WARN_BLOCK_CAPTURE_AUTORELEASING = YES;
				CLANG_WARN_BOOL_CONVERSION = YES;
				CLANG_WARN_COMMA = YES;
				CLANG_WARN_CONSTANT_CONVERSION = YES;
				CLANG_WARN_DEPRECATED_OBJC_IMPLEMENTATIONS = YES;
				CLANG_WARN_DIRECT_OBJC_ISA_USAGE = YES_ERROR;
				CLANG_WARN_DOCUMENTATION_COMMENTS = YES;
				CLANG_WARN_EMPTY_BODY = YES;
				CLANG_WARN_ENUM_CONVERSION = YES;
				CLANG_WARN_INFINITE_RECURSION = YES;
				CLANG_WARN_INT_CONVERSION = YES;
				CLANG_WARN_NON_LITERAL_NULL_CONVERSION = YES;
				CLANG_WARN_OBJC_IMPLICIT_RETAIN_SELF = YES;
				CLANG_WARN_OBJC_LITERAL_CONVERSION = YES;
				CLANG_WARN_OBJC_ROOT_CLASS = YES_ERROR;
				CLANG_WARN_RANGE_LOOP_ANALYSIS = YES;
				CLANG_WARN_STRICT_PROTOTYPES = YES;
				CLANG_WARN_SUSPICIOUS_MOVE = YES;
				CLANG_WARN_UNGUARDED_AVAILABILITY = YES_AGGRESSIVE;
				CLANG_WARN_UNREACHABLE_CODE = YES;
				CLANG_WARN__DUPLICATE_METHOD_MATCH = YES;
				COPY_PHASE_STRIP = NO;
				DEBUG_INFORMATION_FORMAT = "dwarf-with-dsym";
				ENABLE_NS_ASSERTIONS = NO;
				ENABLE_STRICT_OBJC_MSGSEND = YES;
				GCC_C_LANGUAGE_STANDARD = gnu11;
				GCC_NO_COMMON_BLOCKS = YES;
				GCC_WARN_64_TO_32_BIT_CONVERSION = YES;
				GCC_WARN_ABOUT_RETURN_TYPE = YES_ERROR;
				GCC_WARN_UNDECLARED_SELECTOR = YES;
				GCC_WARN_UNINITIALIZED_AUTOS = YES_AGGRESSIVE;
				GCC_WARN_UNUSED_FUNCTION = YES;
				GCC_WARN_UNUSED_VARIABLE = YES;
				IPHONEOS_DEPLOYMENT_TARGET = 13.2;
				MTL_ENABLE_DEBUG_INFO = NO;
				MTL_FAST_MATH = YES;
				SDKROOT = iphoneos;
				SWIFT_COMPILATION_MODE = wholemodule;
				SWIFT_OPTIMIZATION_LEVEL = "-O";
				VALIDATE_PRODUCT = YES;
			};
			name = Release;
		};
		45BC5EA12529642D004151F7 /* Debug */ = {
			isa = XCBuildConfiguration;
			buildSettings = {
				ASSETCATALOG_COMPILER_APPICON_NAME = AppIcon;
				CODE_SIGN_STYLE = Automatic;
				INFOPLIST_FILE = NasaSleep/Info.plist;
				LD_RUNPATH_SEARCH_PATHS = (
					"$(inherited)",
					"@executable_path/Frameworks",
				);
				PRODUCT_BUNDLE_IDENTIFIER = com.KJ.wakeshift.wakeshift;
				PRODUCT_NAME = Wakeshift;
				SWIFT_VERSION = 5.0;
				TARGETED_DEVICE_FAMILY = "1,2";
			};
			name = Debug;
		};
		45BC5EA22529642D004151F7 /* Release */ = {
			isa = XCBuildConfiguration;
			buildSettings = {
				ASSETCATALOG_COMPILER_APPICON_NAME = AppIcon;
				CODE_SIGN_STYLE = Automatic;
				INFOPLIST_FILE = NasaSleep/Info.plist;
				LD_RUNPATH_SEARCH_PATHS = (
					"$(inherited)",
					"@executable_path/Frameworks",
				);
				PRODUCT_BUNDLE_IDENTIFIER = com.KJ.wakeshift.wakeshift;
				PRODUCT_NAME = Wakeshift;
				SWIFT_VERSION = 5.0;
				TARGETED_DEVICE_FAMILY = "1,2";
			};
			name = Release;
		};
		45BC5EA42529642D004151F7 /* Debug */ = {
			isa = XCBuildConfiguration;
			buildSettings = {
				ALWAYS_EMBED_SWIFT_STANDARD_LIBRARIES = YES;
				BUNDLE_LOADER = "$(TEST_HOST)";
				CODE_SIGN_STYLE = Automatic;
				INFOPLIST_FILE = NasaSleepTests/Info.plist;
				IPHONEOS_DEPLOYMENT_TARGET = 13.2;
				LD_RUNPATH_SEARCH_PATHS = (
					"$(inherited)",
					"@executable_path/Frameworks",
					"@loader_path/Frameworks",
				);
				PRODUCT_BUNDLE_IDENTIFIER = com.KJ.NASASLEEP.NasaSleepTests;
				PRODUCT_NAME = "$(TARGET_NAME)";
				SWIFT_VERSION = 5.0;
				TARGETED_DEVICE_FAMILY = "1,2";
				TEST_HOST = "$(BUILT_PRODUCTS_DIR)/NasaSleep.app/NasaSleep";
			};
			name = Debug;
		};
		45BC5EA52529642D004151F7 /* Release */ = {
			isa = XCBuildConfiguration;
			buildSettings = {
				ALWAYS_EMBED_SWIFT_STANDARD_LIBRARIES = YES;
				BUNDLE_LOADER = "$(TEST_HOST)";
				CODE_SIGN_STYLE = Automatic;
				INFOPLIST_FILE = NasaSleepTests/Info.plist;
				IPHONEOS_DEPLOYMENT_TARGET = 13.2;
				LD_RUNPATH_SEARCH_PATHS = (
					"$(inherited)",
					"@executable_path/Frameworks",
					"@loader_path/Frameworks",
				);
				PRODUCT_BUNDLE_IDENTIFIER = com.KJ.NASASLEEP.NasaSleepTests;
				PRODUCT_NAME = "$(TARGET_NAME)";
				SWIFT_VERSION = 5.0;
				TARGETED_DEVICE_FAMILY = "1,2";
				TEST_HOST = "$(BUILT_PRODUCTS_DIR)/NasaSleep.app/NasaSleep";
			};
			name = Release;
		};
		45BC5EA72529642D004151F7 /* Debug */ = {
			isa = XCBuildConfiguration;
			buildSettings = {
				ALWAYS_EMBED_SWIFT_STANDARD_LIBRARIES = YES;
				CODE_SIGN_STYLE = Automatic;
				INFOPLIST_FILE = NasaSleepUITests/Info.plist;
				LD_RUNPATH_SEARCH_PATHS = (
					"$(inherited)",
					"@executable_path/Frameworks",
					"@loader_path/Frameworks",
				);
				PRODUCT_BUNDLE_IDENTIFIER = com.KJ.NASASLEEP.NasaSleepUITests;
				PRODUCT_NAME = "$(TARGET_NAME)";
				SWIFT_VERSION = 5.0;
				TARGETED_DEVICE_FAMILY = "1,2";
				TEST_TARGET_NAME = NasaSleep;
			};
			name = Debug;
		};
		45BC5EA82529642D004151F7 /* Release */ = {
			isa = XCBuildConfiguration;
			buildSettings = {
				ALWAYS_EMBED_SWIFT_STANDARD_LIBRARIES = YES;
				CODE_SIGN_STYLE = Automatic;
				INFOPLIST_FILE = NasaSleepUITests/Info.plist;
				LD_RUNPATH_SEARCH_PATHS = (
					"$(inherited)",
					"@executable_path/Frameworks",
					"@loader_path/Frameworks",
				);
				PRODUCT_BUNDLE_IDENTIFIER = com.KJ.NASASLEEP.NasaSleepUITests;
				PRODUCT_NAME = "$(TARGET_NAME)";
				SWIFT_VERSION = 5.0;
				TARGETED_DEVICE_FAMILY = "1,2";
				TEST_TARGET_NAME = NasaSleep;
			};
			name = Release;
		};
/* End XCBuildConfiguration section */

/* Begin XCConfigurationList section */
		45BC5E712529642A004151F7 /* Build configuration list for PBXProject "NasaSleep" */ = {
			isa = XCConfigurationList;
			buildConfigurations = (
				45BC5E9E2529642D004151F7 /* Debug */,
				45BC5E9F2529642D004151F7 /* Release */,
			);
			defaultConfigurationIsVisible = 0;
			defaultConfigurationName = Release;
		};
		45BC5EA02529642D004151F7 /* Build configuration list for PBXNativeTarget "NasaSleep" */ = {
			isa = XCConfigurationList;
			buildConfigurations = (
				45BC5EA12529642D004151F7 /* Debug */,
				45BC5EA22529642D004151F7 /* Release */,
			);
			defaultConfigurationIsVisible = 0;
			defaultConfigurationName = Release;
		};
		45BC5EA32529642D004151F7 /* Build configuration list for PBXNativeTarget "NasaSleepTests" */ = {
			isa = XCConfigurationList;
			buildConfigurations = (
				45BC5EA42529642D004151F7 /* Debug */,
				45BC5EA52529642D004151F7 /* Release */,
			);
			defaultConfigurationIsVisible = 0;
			defaultConfigurationName = Release;
		};
		45BC5EA62529642D004151F7 /* Build configuration list for PBXNativeTarget "NasaSleepUITests" */ = {
			isa = XCConfigurationList;
			buildConfigurations = (
				45BC5EA72529642D004151F7 /* Debug */,
				45BC5EA82529642D004151F7 /* Release */,
			);
			defaultConfigurationIsVisible = 0;
			defaultConfigurationName = Release;
		};
/* End XCConfigurationList section */
	};
	rootObject = 45BC5E6E2529642A004151F7 /* Project object */;
}
